
Microsoft Visual Studio Solution File, Format Version 12.00
# Visual Studio 15
Project("{FAE04EC0-301F-11D3-BF4B-00C04F79EFBC}") = "Assembly-CSharp", "Assembly-CSharp.csproj", "{B706FABF-2B4C-1969-217C-2FFB83B25060}"
EndProject
Project("{FAE04EC0-301F-11D3-BF4B-00C04F79EFBC}") = "Assembly-CSharp-Editor", "Assembly-CSharp-Editor.csproj", "{83B3BCC8-46AA-B3EE-9FDE-AB90C8EF59C4}"
EndProject
Global
	GlobalSection(SolutionConfigurationPlatforms) = preSolution
		Debug|Any CPU = Debug|Any CPU
		Release|Any CPU = Release|Any CPU
	EndGlobalSection
	GlobalSection(ProjectConfigurationPlatforms) = postSolution
		{B706FABF-2B4C-1969-217C-2FFB83B25060}.Debug|Any CPU.ActiveCfg = Debug|Any CPU
		{B706FABF-2B4C-1969-217C-2FFB83B25060}.Debug|Any CPU.Build.0 = Debug|Any CPU
		{B706FABF-2B4C-1969-217C-2FFB83B25060}.Release|Any CPU.ActiveCfg = Release|Any CPU
		{B706FABF-2B4C-1969-217C-2FFB83B25060}.Release|Any CPU.Build.0 = Release|Any CPU
		{83B3BCC8-46AA-B3EE-9FDE-AB90C8EF59C4}.Debug|Any CPU.ActiveCfg = Debug|Any CPU
		{83B3BCC8-46AA-B3EE-9FDE-AB90C8EF59C4}.Debug|Any CPU.Build.0 = Debug|Any CPU
		{83B3BCC8-46AA-B3EE-9FDE-AB90C8EF59C4}.Release|Any CPU.ActiveCfg = Release|Any CPU
		{83B3BCC8-46AA-B3EE-9FDE-AB90C8EF59C4}.Release|Any CPU.Build.0 = Release|Any CPU
	EndGlobalSection
	GlobalSection(SolutionProperties) = preSolution
		HideSolutionNode = FALSE
	EndGlobalSection
EndGlobal
